# This file was autogenerated by Stack.
# You should not edit this file by hand.
# For more information, please see the documentation at:
#   https://docs.haskellstack.org/en/stable/lock_files

packages:
- completed:
    hackage: monad-metrics-0.2.1.4@sha256:ec7be46f0693b1acb0d7cad114b33f418eb82447f3a6bc90b19f695ff3a6d718,1914
    pantry-tree:
      size: 457
      sha256: 07d623e9b2ebf8c4a5f2210ff8117d53c6aab05bfe7ac2ecd4c990cba4046096
  original:
    hackage: monad-metrics-0.2.1.4
- completed:
    hackage: wai-middleware-metrics-0.2.4@sha256:d6b6916acd41aaef4ca59a839d40a3a377f9df784ae49fd4c64926ae916b6ba2,2890
    pantry-tree:
      size: 330
      sha256: 99366b831109417cd8e739fb45e9fd214cb79f28a507f8154e5528120042d0ac
  original:
    hackage: wai-middleware-metrics-0.2.4
- completed:
    hackage: ekg-wai-0.1.0.3@sha256:d6b62107589f7ddd30b6c56dbb22f9904e274fd9ce24807db76833fab9506c9e,1992
    pantry-tree:
      size: 1343
      sha256: 44df3e2517bad85677bdf841ce83b2b3f1b1d3d30c2c7c3ce3ab4dac75662e81
  original:
    hackage: ekg-wai-0.1.0.3
- completed:
    hackage: ekg-json-0.1.0.6@sha256:e16efc1b09ae7635db3f0535335ee3e8aa666fe4bf3749783f4022020f6ca3b8,1050
    pantry-tree:
      size: 265
      sha256: 09239a4e3ab0d58be0ac360d41c491df017f4a18ba558fd67909e24f14caece7
  original:
    hackage: ekg-json-0.1.0.6
- completed:
    hackage: wai-cli-0.2.0@sha256:16c864bc829f4572fa3ea72a1a1d9aae23fe0b076069c1e58a42e4224f819ce9,1771
    pantry-tree:
      size: 269
      sha256: 114d289439b83649db9a522a508b0bfd1da018834576a27e6fcc6dde99ead1af
  original:
    hackage: wai-cli-0.2.0
- completed:
    hackage: refined-0.6.1@sha256:d5d713f0a2ad79d1c049d2d132fd8c2078b883b5ea3db876087eaec102843e57,2748
    pantry-tree:
      size: 562
      sha256: 3b530f23657d5c8425b9512593417b2c65085719afa30e0d9d2bd72d4e4f7bd5
  original:
    hackage: refined-0.6.1
- completed:
    hackage: servant-server-0.18@sha256:ec7f361bc9848968b1fff8091fa2213b721d3f47549421945c6a7ca1702e22e6,5424
    pantry-tree:
      size: 2546
      sha256: c2470cd8665742cee13faae1db7e3d49d70b027d57c4578e3f7ba66ffc8dc7b4
  original:
    hackage: servant-server-0.18
- completed:
    hackage: servant-0.18@sha256:2b5c81089540c208b1945b5ca0c3551c862138d71b224a39fa275a62852a5c75,5068
    pantry-tree:
      size: 2458
      sha256: 701b6443e486601dd127b92a28ca052278dea8dc528f013781c1304826e117d8
  original:
    hackage: servant-0.18
- completed:
    hackage: these-skinny-0.7.4@sha256:e29336a1a70a497e09d8266f8438efb30a807bafaa6b00f5a136f7493efb3160,1239
    pantry-tree:
      size: 262
      sha256: 77f01554e40d8e910d00f95c35dde86df4f691e2955d9afdc16508114c4d1af2
  original:
    hackage: these-skinny-0.7.4
snapshots:
- completed:
    size: 523448
    url: https://raw.githubusercontent.com/commercialhaskell/stackage-snapshots/master/lts/14/1.yaml
    sha256: 0045b9bae36c3bb2dd374c29b586389845af1557eea0423958d152fc500d4fbf
  original: lts-14.1
